
Microsoft Visual Studio Solution File, Format Version 12.00
# Visual Studio Version 17
VisualStudioVersion = 17.7.34202.233
MinimumVisualStudioVersion = 10.0.40219.1
Project("{FAE04EC0-301F-11D3-BF4B-00C04F79EFBC}") = "Home.Work7.Day7", "Home.Work7.Day7\Home.Work7.Day7.csproj", "{E5FF33E0-A8CB-4696-9BA8-48B0F882BAAF}"
EndProject
Project("{FAE04EC0-301F-11D3-BF4B-00C04F79EFBC}") = "MyLibrary", "ClassLibrary1\MyLibrary.csproj", "{4A79041A-2D68-44F2-AEF1-FE252EFDFFE9}"
EndProject
Global
	GlobalSection(SolutionConfigurationPlatforms) = preSolution
		Debug|Any CPU = Debug|Any CPU
		Release|Any CPU = Release|Any CPU
	EndGlobalSection
	GlobalSection(ProjectConfigurationPlatforms) = postSolution
		{E5FF33E0-A8CB-4696-9BA8-48B0F882BAAF}.Debug|Any CPU.ActiveCfg = Debug|Any CPU
		{E5FF33E0-A8CB-4696-9BA8-48B0F882BAAF}.Debug|Any CPU.Build.0 = Debug|Any CPU
		{E5FF33E0-A8CB-4696-9BA8-48B0F882BAAF}.Release|Any CPU.ActiveCfg = Release|Any CPU
		{E5FF33E0-A8CB-4696-9BA8-48B0F882BAAF}.Release|Any CPU.Build.0 = Release|Any CPU
		{4A79041A-2D68-44F2-AEF1-FE252EFDFFE9}.Debug|Any CPU.ActiveCfg = Debug|Any CPU
		{4A79041A-2D68-44F2-AEF1-FE252EFDFFE9}.Debug|Any CPU.Build.0 = Debug|Any CPU
		{4A79041A-2D68-44F2-AEF1-FE252EFDFFE9}.Release|Any CPU.ActiveCfg = Release|Any CPU
		{4A79041A-2D68-44F2-AEF1-FE252EFDFFE9}.Release|Any CPU.Build.0 = Release|Any CPU
	EndGlobalSection
	GlobalSection(SolutionProperties) = preSolution
		HideSolutionNode = FALSE
	EndGlobalSection
	GlobalSection(ExtensibilityGlobals) = postSolution
		SolutionGuid = {931A57AC-BDAC-413E-B9DB-F6B74726D453}
	EndGlobalSection
EndGlobal
